
Microsoft Visual Studio Solution File, Format Version 12.00
# Visual Studio Version 17
VisualStudioVersion = 17.1.32328.378
MinimumVisualStudioVersion = 10.0.40219.1
Project("{FAE04EC0-301F-11D3-BF4B-00C04F79EFBC}") = "TSoftRestApiTestApp", "T-Soft Test Operation\TSoftRestApiTestApp.csproj", "{5DD6F116-E097-447D-8F06-43FF94E740C3}"
EndProject
Global
	GlobalSection(SolutionConfigurationPlatforms) = preSolution
		Debug|Any CPU = Debug|Any CPU
		Release|Any CPU = Release|Any CPU
	EndGlobalSection
	GlobalSection(ProjectConfigurationPlatforms) = postSolution
		{5DD6F116-E097-447D-8F06-43FF94E740C3}.Debug|Any CPU.ActiveCfg = Debug|Any CPU
		{5DD6F116-E097-447D-8F06-43FF94E740C3}.Debug|Any CPU.Build.0 = Debug|Any CPU
		{5DD6F116-E097-447D-8F06-43FF94E740C3}.Release|Any CPU.ActiveCfg = Release|Any CPU
		{5DD6F116-E097-447D-8F06-43FF94E740C3}.Release|Any CPU.Build.0 = Release|Any CPU
	EndGlobalSection
	GlobalSection(SolutionProperties) = preSolution
		HideSolutionNode = FALSE
	EndGlobalSection
	GlobalSection(ExtensibilityGlobals) = postSolution
		SolutionGuid = {25F594F6-0C90-4DFE-B184-866611412893}
	EndGlobalSection
EndGlobal
